
Microsoft Visual Studio Solution File, Format Version 12.00
# Visual Studio Version 17
VisualStudioVersion = 17.10.34928.147
MinimumVisualStudioVersion = 10.0.40219.1
Project("{FAE04EC0-301F-11D3-BF4B-00C04F79EFBC}") = "QuizBiz", "QuizBiz.csproj", "{6AC560BF-E734-46DD-B504-B9C62E6E4AF8}"
EndProject
Global
	GlobalSection(SolutionConfigurationPlatforms) = preSolution
		Debug|Any CPU = Debug|Any CPU
		Release|Any CPU = Release|Any CPU
	EndGlobalSection
	GlobalSection(ProjectConfigurationPlatforms) = postSolution
		{6AC560BF-E734-46DD-B504-B9C62E6E4AF8}.Debug|Any CPU.ActiveCfg = Debug|Any CPU
		{6AC560BF-E734-46DD-B504-B9C62E6E4AF8}.Debug|Any CPU.Build.0 = Debug|Any CPU
		{6AC560BF-E734-46DD-B504-B9C62E6E4AF8}.Release|Any CPU.ActiveCfg = Release|Any CPU
		{6AC560BF-E734-46DD-B504-B9C62E6E4AF8}.Release|Any CPU.Build.0 = Release|Any CPU
	EndGlobalSection
	GlobalSection(SolutionProperties) = preSolution
		HideSolutionNode = FALSE
	EndGlobalSection
	GlobalSection(ExtensibilityGlobals) = postSolution
		SolutionGuid = {BAB90A69-1D61-4ED1-8CAA-1668A06E20FC}
	EndGlobalSection
EndGlobal
